name: Update package-lock.json

on:
  workflow_dispatch:
  schedule:
    - cron: '0 4 * * 1'

permissions:
  contents: write

jobs:
  update-lock:
    runs-on: ubuntu-latest
    steps:
      - uses: actions/checkout@v4

      - uses: actions/setup-node@v4
        with:
          node-version: '22'

      - name: Generate or update package-lock.json
        run: npm install --package-lock-only --ignore-scripts
      
      - name: Commit & Push
        run: |
          git config user.name "github-actions[bot]"
          git config user.email "41898282+github-actions[bot]@users.noreply.github.com"
          
          if [ -n "$(git status --porcelain package-lock.json)" ]; then
            git add package-lock.json
            git commit -m "chore: update package-lock.json [skip ci]"
            git push
          else
            echo "package-lock.json jau ir aktuāls, nav izmaiņu."
          fi
